
Microsoft Visual Studio Solution File, Format Version 12.00
# Visual Studio 14
VisualStudioVersion = 14.0.25123.0
MinimumVisualStudioVersion = 10.0.40219.1
Project("{FAE04EC0-301F-11D3-BF4B-00C04F79EFBC}") = "Game.PlayingField", "PlayingFIeldAssembly\Game.PlayingField.csproj", "{293C7EDF-B1E1-40D9-B08C-9B010BBDF99E}"
EndProject
Project("{FAE04EC0-301F-11D3-BF4B-00C04F79EFBC}") = "UserInterfaceAssembly", "UserInterfaceAssembly\UserInterfaceAssembly.csproj", "{9D64B841-A428-451A-965D-CB3B0A23A955}"
EndProject
Project("{FAE04EC0-301F-11D3-BF4B-00C04F79EFBC}") = "Global.CustomExceptions", "GlobalExceptionAssembly\Global.CustomExceptions.csproj", "{A0403C5C-4B70-4CB0-88C8-5CD7396A7F86}"
EndProject
Project("{FAE04EC0-301F-11D3-BF4B-00C04F79EFBC}") = "TeamWork.Models", "FootballPlayerAssembly\TeamWork.Models.csproj", "{D46F609D-BBA1-47DF-AEA0-DA4479FCB741}"
EndProject
Project("{FAE04EC0-301F-11D3-BF4B-00C04F79EFBC}") = "TeamWork.Models.PC", "PlayerAssembly\TeamWork.Models.PC.csproj", "{A1C3CE0F-4A2F-44E3-BEB6-8C2860EDD7EE}"
EndProject
Project("{FAE04EC0-301F-11D3-BF4B-00C04F79EFBC}") = "TeamWork.Models.Team", "TeamAssembly\TeamWork.Models.Team.csproj", "{C432A3DC-CBBD-4B15-893D-6EECFFA9E9FB}"
EndProject
Project("{FAE04EC0-301F-11D3-BF4B-00C04F79EFBC}") = "VisualizationAssembly", "VisualizationAssembly\VisualizationAssembly.csproj", "{C7DDCBC7-728A-4BEA-9D74-BB73AFBC7A2D}"
EndProject
Project("{FAE04EC0-301F-11D3-BF4B-00C04F79EFBC}") = "00-TestingAssembly", "TestingAssembly\00-TestingAssembly.csproj", "{4F8A4675-A147-4BB2-9D4B-43FAAE716FC1}"
EndProject
Project("{FAE04EC0-301F-11D3-BF4B-00C04F79EFBC}") = "Global.DataStructures", "GlobalDataStructures\Global.DataStructures.csproj", "{E5ABB4B1-ABCF-443E-80E9-8F79C3A00E0D}"
EndProject
Project("{FAE04EC0-301F-11D3-BF4B-00C04F79EFBC}") = "Global.Randomization", "RandomizersAssembly\Global.Randomization.csproj", "{CCE761C0-B358-4E9C-855A-74A23F5826A3}"
EndProject
Project("{FAE04EC0-301F-11D3-BF4B-00C04F79EFBC}") = "TeamWork.WPFClient", "StartUpWPF\TeamWork.WPFClient.csproj", "{D87748FF-3ED5-4335-996D-D12E4266E5CC}"
EndProject
Project("{FAE04EC0-301F-11D3-BF4B-00C04F79EFBC}") = "00-TestingClassesAssembly", "00-TestingClassesAssembly\00-TestingClassesAssembly.csproj", "{B16C83D1-7581-4624-8354-C15CC107BF01}"
EndProject
Project("{FAE04EC0-301F-11D3-BF4B-00C04F79EFBC}") = "Game.Logic", "GameLogicAssembly\Game.Logic.csproj", "{8DF2C670-9460-4F7E-B938-711FC77ED1EC}"
EndProject
Project("{FAE04EC0-301F-11D3-BF4B-00C04F79EFBC}") = "Game.Events", "GameLogicEventsAssembly\Game.Events.csproj", "{A2430F2B-79F1-461E-A64A-60A1D9E4F5F7}"
EndProject
Project("{FAE04EC0-301F-11D3-BF4B-00C04F79EFBC}") = "Game.Tracker", "GameStateTrackerAssembly\Game.Tracker.csproj", "{D36CE9EA-4307-4D40-951A-054299F9B09B}"
EndProject
Project("{FAE04EC0-301F-11D3-BF4B-00C04F79EFBC}") = "Game.PlayingField.Methods", "PlayingFieldMethodsAssembly\Game.PlayingField.Methods.csproj", "{8B0CD4DC-1798-4C44-8846-45D13E8C3610}"
EndProject
Project("{FAE04EC0-301F-11D3-BF4B-00C04F79EFBC}") = "Global.Settings", "GlobalSettingsAssembly\Global.Settings.csproj", "{C2B1B807-B8FE-4527-84BF-467D73408544}"
EndProject
Project("{FAE04EC0-301F-11D3-BF4B-00C04F79EFBC}") = "Global.Contracts", "GlobalInterfacesAssembly\Global.Contracts.csproj", "{57D31868-525C-4EFF-9E3A-CEA971529A77}"
EndProject
Project("{FAE04EC0-301F-11D3-BF4B-00C04F79EFBC}") = "Global.Enumerations", "Global.Enumerations\Global.Enumerations.csproj", "{965A0D47-8B9E-4D47-93D9-CA51497D5472}"
EndProject
Global
	GlobalSection(SolutionConfigurationPlatforms) = preSolution
		Debug|Any CPU = Debug|Any CPU
		Release|Any CPU = Release|Any CPU
	EndGlobalSection
	GlobalSection(ProjectConfigurationPlatforms) = postSolution
		{293C7EDF-B1E1-40D9-B08C-9B010BBDF99E}.Debug|Any CPU.ActiveCfg = Debug|Any CPU
		{293C7EDF-B1E1-40D9-B08C-9B010BBDF99E}.Debug|Any CPU.Build.0 = Debug|Any CPU
		{293C7EDF-B1E1-40D9-B08C-9B010BBDF99E}.Release|Any CPU.ActiveCfg = Release|Any CPU
		{293C7EDF-B1E1-40D9-B08C-9B010BBDF99E}.Release|Any CPU.Build.0 = Release|Any CPU
		{9D64B841-A428-451A-965D-CB3B0A23A955}.Debug|Any CPU.ActiveCfg = Debug|Any CPU
		{9D64B841-A428-451A-965D-CB3B0A23A955}.Debug|Any CPU.Build.0 = Debug|Any CPU
		{9D64B841-A428-451A-965D-CB3B0A23A955}.Release|Any CPU.ActiveCfg = Release|Any CPU
		{9D64B841-A428-451A-965D-CB3B0A23A955}.Release|Any CPU.Build.0 = Release|Any CPU
		{A0403C5C-4B70-4CB0-88C8-5CD7396A7F86}.Debug|Any CPU.ActiveCfg = Debug|Any CPU
		{A0403C5C-4B70-4CB0-88C8-5CD7396A7F86}.Debug|Any CPU.Build.0 = Debug|Any CPU
		{A0403C5C-4B70-4CB0-88C8-5CD7396A7F86}.Release|Any CPU.ActiveCfg = Release|Any CPU
		{A0403C5C-4B70-4CB0-88C8-5CD7396A7F86}.Release|Any CPU.Build.0 = Release|Any CPU
		{D46F609D-BBA1-47DF-AEA0-DA4479FCB741}.Debug|Any CPU.ActiveCfg = Debug|Any CPU
		{D46F609D-BBA1-47DF-AEA0-DA4479FCB741}.Debug|Any CPU.Build.0 = Debug|Any CPU
		{D46F609D-BBA1-47DF-AEA0-DA4479FCB741}.Release|Any CPU.ActiveCfg = Release|Any CPU
		{D46F609D-BBA1-47DF-AEA0-DA4479FCB741}.Release|Any CPU.Build.0 = Release|Any CPU
		{A1C3CE0F-4A2F-44E3-BEB6-8C2860EDD7EE}.Debug|Any CPU.ActiveCfg = Debug|Any CPU
		{A1C3CE0F-4A2F-44E3-BEB6-8C2860EDD7EE}.Debug|Any CPU.Build.0 = Debug|Any CPU
		{A1C3CE0F-4A2F-44E3-BEB6-8C2860EDD7EE}.Release|Any CPU.ActiveCfg = Release|Any CPU
		{A1C3CE0F-4A2F-44E3-BEB6-8C2860EDD7EE}.Release|Any CPU.Build.0 = Release|Any CPU
		{C432A3DC-CBBD-4B15-893D-6EECFFA9E9FB}.Debug|Any CPU.ActiveCfg = Debug|Any CPU
		{C432A3DC-CBBD-4B15-893D-6EECFFA9E9FB}.Debug|Any CPU.Build.0 = Debug|Any CPU
		{C432A3DC-CBBD-4B15-893D-6EECFFA9E9FB}.Release|Any CPU.ActiveCfg = Release|Any CPU
		{C432A3DC-CBBD-4B15-893D-6EECFFA9E9FB}.Release|Any CPU.Build.0 = Release|Any CPU
		{C7DDCBC7-728A-4BEA-9D74-BB73AFBC7A2D}.Debug|Any CPU.ActiveCfg = Debug|Any CPU
		{C7DDCBC7-728A-4BEA-9D74-BB73AFBC7A2D}.Debug|Any CPU.Build.0 = Debug|Any CPU
		{C7DDCBC7-728A-4BEA-9D74-BB73AFBC7A2D}.Release|Any CPU.ActiveCfg = Release|Any CPU
		{C7DDCBC7-728A-4BEA-9D74-BB73AFBC7A2D}.Release|Any CPU.Build.0 = Release|Any CPU
		{4F8A4675-A147-4BB2-9D4B-43FAAE716FC1}.Debug|Any CPU.ActiveCfg = Debug|Any CPU
		{4F8A4675-A147-4BB2-9D4B-43FAAE716FC1}.Debug|Any CPU.Build.0 = Debug|Any CPU
		{4F8A4675-A147-4BB2-9D4B-43FAAE716FC1}.Release|Any CPU.ActiveCfg = Release|Any CPU
		{4F8A4675-A147-4BB2-9D4B-43FAAE716FC1}.Release|Any CPU.Build.0 = Release|Any CPU
		{E5ABB4B1-ABCF-443E-80E9-8F79C3A00E0D}.Debug|Any CPU.ActiveCfg = Debug|Any CPU
		{E5ABB4B1-ABCF-443E-80E9-8F79C3A00E0D}.Debug|Any CPU.Build.0 = Debug|Any CPU
		{E5ABB4B1-ABCF-443E-80E9-8F79C3A00E0D}.Release|Any CPU.ActiveCfg = Release|Any CPU
		{E5ABB4B1-ABCF-443E-80E9-8F79C3A00E0D}.Release|Any CPU.Build.0 = Release|Any CPU
		{CCE761C0-B358-4E9C-855A-74A23F5826A3}.Debug|Any CPU.ActiveCfg = Debug|Any CPU
		{CCE761C0-B358-4E9C-855A-74A23F5826A3}.Debug|Any CPU.Build.0 = Debug|Any CPU
		{CCE761C0-B358-4E9C-855A-74A23F5826A3}.Release|Any CPU.ActiveCfg = Release|Any CPU
		{CCE761C0-B358-4E9C-855A-74A23F5826A3}.Release|Any CPU.Build.0 = Release|Any CPU
		{D87748FF-3ED5-4335-996D-D12E4266E5CC}.Debug|Any CPU.ActiveCfg = Debug|Any CPU
		{D87748FF-3ED5-4335-996D-D12E4266E5CC}.Debug|Any CPU.Build.0 = Debug|Any CPU
		{D87748FF-3ED5-4335-996D-D12E4266E5CC}.Release|Any CPU.ActiveCfg = Release|Any CPU
		{D87748FF-3ED5-4335-996D-D12E4266E5CC}.Release|Any CPU.Build.0 = Release|Any CPU
		{B16C83D1-7581-4624-8354-C15CC107BF01}.Debug|Any CPU.ActiveCfg = Debug|Any CPU
		{B16C83D1-7581-4624-8354-C15CC107BF01}.Debug|Any CPU.Build.0 = Debug|Any CPU
		{B16C83D1-7581-4624-8354-C15CC107BF01}.Release|Any CPU.ActiveCfg = Release|Any CPU
		{B16C83D1-7581-4624-8354-C15CC107BF01}.Release|Any CPU.Build.0 = Release|Any CPU
		{8DF2C670-9460-4F7E-B938-711FC77ED1EC}.Debug|Any CPU.ActiveCfg = Debug|Any CPU
		{8DF2C670-9460-4F7E-B938-711FC77ED1EC}.Debug|Any CPU.Build.0 = Debug|Any CPU
		{8DF2C670-9460-4F7E-B938-711FC77ED1EC}.Release|Any CPU.ActiveCfg = Release|Any CPU
		{8DF2C670-9460-4F7E-B938-711FC77ED1EC}.Release|Any CPU.Build.0 = Release|Any CPU
		{A2430F2B-79F1-461E-A64A-60A1D9E4F5F7}.Debug|Any CPU.ActiveCfg = Debug|Any CPU
		{A2430F2B-79F1-461E-A64A-60A1D9E4F5F7}.Debug|Any CPU.Build.0 = Debug|Any CPU
		{A2430F2B-79F1-461E-A64A-60A1D9E4F5F7}.Release|Any CPU.ActiveCfg = Release|Any CPU
		{A2430F2B-79F1-461E-A64A-60A1D9E4F5F7}.Release|Any CPU.Build.0 = Release|Any CPU
		{D36CE9EA-4307-4D40-951A-054299F9B09B}.Debug|Any CPU.ActiveCfg = Debug|Any CPU
		{D36CE9EA-4307-4D40-951A-054299F9B09B}.Debug|Any CPU.Build.0 = Debug|Any CPU
		{D36CE9EA-4307-4D40-951A-054299F9B09B}.Release|Any CPU.ActiveCfg = Release|Any CPU
		{D36CE9EA-4307-4D40-951A-054299F9B09B}.Release|Any CPU.Build.0 = Release|Any CPU
		{8B0CD4DC-1798-4C44-8846-45D13E8C3610}.Debug|Any CPU.ActiveCfg = Debug|Any CPU
		{8B0CD4DC-1798-4C44-8846-45D13E8C3610}.Debug|Any CPU.Build.0 = Debug|Any CPU
		{8B0CD4DC-1798-4C44-8846-45D13E8C3610}.Release|Any CPU.ActiveCfg = Release|Any CPU
		{8B0CD4DC-1798-4C44-8846-45D13E8C3610}.Release|Any CPU.Build.0 = Release|Any CPU
		{C2B1B807-B8FE-4527-84BF-467D73408544}.Debug|Any CPU.ActiveCfg = Debug|Any CPU
		{C2B1B807-B8FE-4527-84BF-467D73408544}.Debug|Any CPU.Build.0 = Debug|Any CPU
		{C2B1B807-B8FE-4527-84BF-467D73408544}.Release|Any CPU.ActiveCfg = Release|Any CPU
		{C2B1B807-B8FE-4527-84BF-467D73408544}.Release|Any CPU.Build.0 = Release|Any CPU
		{57D31868-525C-4EFF-9E3A-CEA971529A77}.Debug|Any CPU.ActiveCfg = Debug|Any CPU
		{57D31868-525C-4EFF-9E3A-CEA971529A77}.Debug|Any CPU.Build.0 = Debug|Any CPU
		{57D31868-525C-4EFF-9E3A-CEA971529A77}.Release|Any CPU.ActiveCfg = Release|Any CPU
		{57D31868-525C-4EFF-9E3A-CEA971529A77}.Release|Any CPU.Build.0 = Release|Any CPU
		{965A0D47-8B9E-4D47-93D9-CA51497D5472}.Debug|Any CPU.ActiveCfg = Debug|Any CPU
		{965A0D47-8B9E-4D47-93D9-CA51497D5472}.Debug|Any CPU.Build.0 = Debug|Any CPU
		{965A0D47-8B9E-4D47-93D9-CA51497D5472}.Release|Any CPU.ActiveCfg = Release|Any CPU
		{965A0D47-8B9E-4D47-93D9-CA51497D5472}.Release|Any CPU.Build.0 = Release|Any CPU
	EndGlobalSection
	GlobalSection(SolutionProperties) = preSolution
		HideSolutionNode = FALSE
	EndGlobalSection
EndGlobal
